
Microsoft Visual Studio Solution File, Format Version 12.00
# Visual Studio 15
VisualStudioVersion = 15.0.26730.12
MinimumVisualStudioVersion = 10.0.40219.1
Project("{FAE04EC0-301F-11D3-BF4B-00C04F79EFBC}") = "tvShowProject", "tvShowProject\tvShowProject.csproj", "{94C4B60A-8159-42E6-A305-17A99FA31E88}"
EndProject
Global
	GlobalSection(SolutionConfigurationPlatforms) = preSolution
		Debug|Any CPU = Debug|Any CPU
		Release|Any CPU = Release|Any CPU
	EndGlobalSection
	GlobalSection(ProjectConfigurationPlatforms) = postSolution
		{94C4B60A-8159-42E6-A305-17A99FA31E88}.Debug|Any CPU.ActiveCfg = Debug|Any CPU
		{94C4B60A-8159-42E6-A305-17A99FA31E88}.Debug|Any CPU.Build.0 = Debug|Any CPU
		{94C4B60A-8159-42E6-A305-17A99FA31E88}.Release|Any CPU.ActiveCfg = Release|Any CPU
		{94C4B60A-8159-42E6-A305-17A99FA31E88}.Release|Any CPU.Build.0 = Release|Any CPU
	EndGlobalSection
	GlobalSection(SolutionProperties) = preSolution
		HideSolutionNode = FALSE
	EndGlobalSection
	GlobalSection(ExtensibilityGlobals) = postSolution
		SolutionGuid = {06625960-C77F-44AD-878B-004D127629EF}
	EndGlobalSection
EndGlobal
